
Microsoft Visual Studio Solution File, Format Version 12.00
# Visual Studio Version 17
VisualStudioVersion = 17.0.32014.148
MinimumVisualStudioVersion = 10.0.40219.1
Project("{2150E333-8FDC-42A3-9474-1A3956D46DE8}") = "src", "src", "{E4323708-815F-4BA9-ABFD-D69F867B2299}"
EndProject
Project("{FAE04EC0-301F-11D3-BF4B-00C04F79EFBC}") = "potential-sniffle.Web", "potential-sniffle.Web\potential-sniffle.Web.csproj", "{8261EA16-F04A-46D1-A73E-6CBE1FFB3EAC}"
EndProject
Project("{2150E333-8FDC-42A3-9474-1A3956D46DE8}") = "Tests", "Tests", "{DF6E98D5-32DE-49C7-96CF-A157BDD5B97A}"
EndProject
Project("{FAE04EC0-301F-11D3-BF4B-00C04F79EFBC}") = "potential-sniffle.Web.Tests", "potential-sniffle.Web.Tests\potential-sniffle.Web.Tests.csproj", "{5C63DA67-C281-4746-A246-4AE42A9932C3}"
EndProject
Project("{FAE04EC0-301F-11D3-BF4B-00C04F79EFBC}") = "potential-sniffle.Application", "potential-sniffle.Application\potential-sniffle.Application.csproj", "{341E0078-0555-4667-83BB-B2242E2C50C7}"
EndProject
Project("{FAE04EC0-301F-11D3-BF4B-00C04F79EFBC}") = "potential-sniffle.Domain", "potential-sniffle.Domain\potential-sniffle.Domain.csproj", "{97382D53-D594-489A-976E-49F73EC08C0C}"
EndProject
Project("{FAE04EC0-301F-11D3-BF4B-00C04F79EFBC}") = "potential-sniffle.Infrastructure", "potential-sniffle.Infrastructure\potential-sniffle.Infrastructure.csproj", "{CD353144-C30D-4457-BBC1-89F82792A337}"
EndProject
Project("{FAE04EC0-301F-11D3-BF4B-00C04F79EFBC}") = "potential-sniffle.Application.Tests", "potential-sniffle.Application.Tests\potential-sniffle.Application.Tests.csproj", "{D80BE4AC-45B2-44BF-95B7-AC930A3292CC}"
EndProject
Project("{FAE04EC0-301F-11D3-BF4B-00C04F79EFBC}") = "potential-sniffle.Domain.Tests", "potential-sniffle.Domain.Tests\potential-sniffle.Domain.Tests.csproj", "{96A8787A-35FC-45D1-B5E1-20E8E2783A21}"
EndProject
Project("{FAE04EC0-301F-11D3-BF4B-00C04F79EFBC}") = "potential-sniffle.Infrastructure.Tests", "potential-sniffle.Infrastructure.Tests\potential-sniffle.Infrastructure.Tests.csproj", "{21F7584B-DEFF-48C2-82CF-7551AA0C68B0}"
EndProject
Global
	GlobalSection(SolutionConfigurationPlatforms) = preSolution
		Debug|Any CPU = Debug|Any CPU
		Release|Any CPU = Release|Any CPU
	EndGlobalSection
	GlobalSection(ProjectConfigurationPlatforms) = postSolution
		{8261EA16-F04A-46D1-A73E-6CBE1FFB3EAC}.Debug|Any CPU.ActiveCfg = Debug|Any CPU
		{8261EA16-F04A-46D1-A73E-6CBE1FFB3EAC}.Debug|Any CPU.Build.0 = Debug|Any CPU
		{8261EA16-F04A-46D1-A73E-6CBE1FFB3EAC}.Release|Any CPU.ActiveCfg = Release|Any CPU
		{8261EA16-F04A-46D1-A73E-6CBE1FFB3EAC}.Release|Any CPU.Build.0 = Release|Any CPU
		{5C63DA67-C281-4746-A246-4AE42A9932C3}.Debug|Any CPU.ActiveCfg = Debug|Any CPU
		{5C63DA67-C281-4746-A246-4AE42A9932C3}.Debug|Any CPU.Build.0 = Debug|Any CPU
		{5C63DA67-C281-4746-A246-4AE42A9932C3}.Release|Any CPU.ActiveCfg = Release|Any CPU
		{5C63DA67-C281-4746-A246-4AE42A9932C3}.Release|Any CPU.Build.0 = Release|Any CPU
		{341E0078-0555-4667-83BB-B2242E2C50C7}.Debug|Any CPU.ActiveCfg = Debug|Any CPU
		{341E0078-0555-4667-83BB-B2242E2C50C7}.Debug|Any CPU.Build.0 = Debug|Any CPU
		{341E0078-0555-4667-83BB-B2242E2C50C7}.Release|Any CPU.ActiveCfg = Release|Any CPU
		{341E0078-0555-4667-83BB-B2242E2C50C7}.Release|Any CPU.Build.0 = Release|Any CPU
		{97382D53-D594-489A-976E-49F73EC08C0C}.Debug|Any CPU.ActiveCfg = Debug|Any CPU
		{97382D53-D594-489A-976E-49F73EC08C0C}.Debug|Any CPU.Build.0 = Debug|Any CPU
		{97382D53-D594-489A-976E-49F73EC08C0C}.Release|Any CPU.ActiveCfg = Release|Any CPU
		{97382D53-D594-489A-976E-49F73EC08C0C}.Release|Any CPU.Build.0 = Release|Any CPU
		{CD353144-C30D-4457-BBC1-89F82792A337}.Debug|Any CPU.ActiveCfg = Debug|Any CPU
		{CD353144-C30D-4457-BBC1-89F82792A337}.Debug|Any CPU.Build.0 = Debug|Any CPU
		{CD353144-C30D-4457-BBC1-89F82792A337}.Release|Any CPU.ActiveCfg = Release|Any CPU
		{CD353144-C30D-4457-BBC1-89F82792A337}.Release|Any CPU.Build.0 = Release|Any CPU
		{D80BE4AC-45B2-44BF-95B7-AC930A3292CC}.Debug|Any CPU.ActiveCfg = Debug|Any CPU
		{D80BE4AC-45B2-44BF-95B7-AC930A3292CC}.Debug|Any CPU.Build.0 = Debug|Any CPU
		{D80BE4AC-45B2-44BF-95B7-AC930A3292CC}.Release|Any CPU.ActiveCfg = Release|Any CPU
		{D80BE4AC-45B2-44BF-95B7-AC930A3292CC}.Release|Any CPU.Build.0 = Release|Any CPU
		{96A8787A-35FC-45D1-B5E1-20E8E2783A21}.Debug|Any CPU.ActiveCfg = Debug|Any CPU
		{96A8787A-35FC-45D1-B5E1-20E8E2783A21}.Debug|Any CPU.Build.0 = Debug|Any CPU
		{96A8787A-35FC-45D1-B5E1-20E8E2783A21}.Release|Any CPU.ActiveCfg = Release|Any CPU
		{96A8787A-35FC-45D1-B5E1-20E8E2783A21}.Release|Any CPU.Build.0 = Release|Any CPU
		{21F7584B-DEFF-48C2-82CF-7551AA0C68B0}.Debug|Any CPU.ActiveCfg = Debug|Any CPU
		{21F7584B-DEFF-48C2-82CF-7551AA0C68B0}.Debug|Any CPU.Build.0 = Debug|Any CPU
		{21F7584B-DEFF-48C2-82CF-7551AA0C68B0}.Release|Any CPU.ActiveCfg = Release|Any CPU
		{21F7584B-DEFF-48C2-82CF-7551AA0C68B0}.Release|Any CPU.Build.0 = Release|Any CPU
	EndGlobalSection
	GlobalSection(SolutionProperties) = preSolution
		HideSolutionNode = FALSE
	EndGlobalSection
	GlobalSection(NestedProjects) = preSolution
		{8261EA16-F04A-46D1-A73E-6CBE1FFB3EAC} = {E4323708-815F-4BA9-ABFD-D69F867B2299}
		{DF6E98D5-32DE-49C7-96CF-A157BDD5B97A} = {E4323708-815F-4BA9-ABFD-D69F867B2299}
		{5C63DA67-C281-4746-A246-4AE42A9932C3} = {DF6E98D5-32DE-49C7-96CF-A157BDD5B97A}
		{341E0078-0555-4667-83BB-B2242E2C50C7} = {E4323708-815F-4BA9-ABFD-D69F867B2299}
		{97382D53-D594-489A-976E-49F73EC08C0C} = {E4323708-815F-4BA9-ABFD-D69F867B2299}
		{CD353144-C30D-4457-BBC1-89F82792A337} = {E4323708-815F-4BA9-ABFD-D69F867B2299}
		{D80BE4AC-45B2-44BF-95B7-AC930A3292CC} = {DF6E98D5-32DE-49C7-96CF-A157BDD5B97A}
		{96A8787A-35FC-45D1-B5E1-20E8E2783A21} = {DF6E98D5-32DE-49C7-96CF-A157BDD5B97A}
		{21F7584B-DEFF-48C2-82CF-7551AA0C68B0} = {DF6E98D5-32DE-49C7-96CF-A157BDD5B97A}
	EndGlobalSection
	GlobalSection(ExtensibilityGlobals) = postSolution
		SolutionGuid = {B70C0D53-87D4-4EC6-85CD-2D07C2C36A65}
	EndGlobalSection
EndGlobal
